{
  "requires": true,
  "lockfileVersion": 1,
  "dependencies": {
    "jsplumb": {
      "version": "2.14.1",
      "resolved": "https://registry.npmjs.org/jsplumb/-/jsplumb-2.14.1.tgz",
      "integrity": "sha512-0dVquiaak6uRH2QLdoON3RKefzbQXLhW618jfhebx2o9vRZP9nf26jWpE8bP1VENDCEqzK54yB8bWqcUi7UrKg=="
    }
  }
}
